
Microsoft Visual Studio Solution File, Format Version 12.00
# Visual Studio Version 16
VisualStudioVersion = 16.0.34601.136
MinimumVisualStudioVersion = 10.0.40219.1
Project("{888888A0-9F3D-457C-B088-3A5042F75D52}") = "BottleWebProject_C122_4_ADMS", "BottleWebProject_C122_4_ADMS\BottleWebProject_C122_4_ADMS.pyproj", "{7598ACA4-AF2E-4DA6-BAEC-33F285AADA24}"
EndProject
Global
	GlobalSection(SolutionConfigurationPlatforms) = preSolution
		Debug|Any CPU = Debug|Any CPU
		Release|Any CPU = Release|Any CPU
	EndGlobalSection
	GlobalSection(ProjectConfigurationPlatforms) = postSolution
		{7598ACA4-AF2E-4DA6-BAEC-33F285AADA24}.Debug|Any CPU.ActiveCfg = Debug|Any CPU
		{7598ACA4-AF2E-4DA6-BAEC-33F285AADA24}.Debug|Any CPU.Build.0 = Debug|Any CPU
		{7598ACA4-AF2E-4DA6-BAEC-33F285AADA24}.Release|Any CPU.ActiveCfg = Release|Any CPU
		{7598ACA4-AF2E-4DA6-BAEC-33F285AADA24}.Release|Any CPU.Build.0 = Release|Any CPU
	EndGlobalSection
	GlobalSection(SolutionProperties) = preSolution
		HideSolutionNode = FALSE
	EndGlobalSection
	GlobalSection(ExtensibilityGlobals) = postSolution
		SolutionGuid = {438A5495-1162-4DD5-B550-C480E3AF92EC}
	EndGlobalSection
EndGlobal
